
Microsoft Visual Studio Solution File, Format Version 12.00
# Visual Studio 14
VisualStudioVersion = 14.0.25420.1
MinimumVisualStudioVersion = 10.0.40219.1
Project("{FAE04EC0-301F-11D3-BF4B-00C04F79EFBC}") = "MVCDareDevils", "MVCDareDevils\MVCDareDevils.csproj", "{815A11BD-E856-4FEA-BA7C-90EBFAD1632A}"
EndProject
Project("{FAE04EC0-301F-11D3-BF4B-00C04F79EFBC}") = "AdoDotnetExample", "AdoDotnetExample\AdoDotnetExample.csproj", "{8245E244-ACC1-4AE6-885D-55821BF0DFCC}"
EndProject
Project("{FAE04EC0-301F-11D3-BF4B-00C04F79EFBC}") = "DataBaseFirstApproach", "DataBaseFirstApproach\DataBaseFirstApproach.csproj", "{F5906619-58BA-4C79-A26A-13E8FB895A24}"
EndProject
Project("{FAE04EC0-301F-11D3-BF4B-00C04F79EFBC}") = "CodeFirstApproach", "CodeFirstApproach\CodeFirstApproach.csproj", "{3A552F33-B4D7-4064-B01E-47564D2CEE19}"
EndProject
Project("{FAE04EC0-301F-11D3-BF4B-00C04F79EFBC}") = "ModelBasedApproach", "ModelBasedApproach\ModelBasedApproach.csproj", "{DED12037-24BF-4896-A4B2-06470AC7A215}"
EndProject
Global
	GlobalSection(SolutionConfigurationPlatforms) = preSolution
		Debug|Any CPU = Debug|Any CPU
		Release|Any CPU = Release|Any CPU
	EndGlobalSection
	GlobalSection(ProjectConfigurationPlatforms) = postSolution
		{815A11BD-E856-4FEA-BA7C-90EBFAD1632A}.Debug|Any CPU.ActiveCfg = Debug|Any CPU
		{815A11BD-E856-4FEA-BA7C-90EBFAD1632A}.Debug|Any CPU.Build.0 = Debug|Any CPU
		{815A11BD-E856-4FEA-BA7C-90EBFAD1632A}.Release|Any CPU.ActiveCfg = Release|Any CPU
		{815A11BD-E856-4FEA-BA7C-90EBFAD1632A}.Release|Any CPU.Build.0 = Release|Any CPU
		{8245E244-ACC1-4AE6-885D-55821BF0DFCC}.Debug|Any CPU.ActiveCfg = Debug|Any CPU
		{8245E244-ACC1-4AE6-885D-55821BF0DFCC}.Debug|Any CPU.Build.0 = Debug|Any CPU
		{8245E244-ACC1-4AE6-885D-55821BF0DFCC}.Release|Any CPU.ActiveCfg = Release|Any CPU
		{8245E244-ACC1-4AE6-885D-55821BF0DFCC}.Release|Any CPU.Build.0 = Release|Any CPU
		{F5906619-58BA-4C79-A26A-13E8FB895A24}.Debug|Any CPU.ActiveCfg = Debug|Any CPU
		{F5906619-58BA-4C79-A26A-13E8FB895A24}.Debug|Any CPU.Build.0 = Debug|Any CPU
		{F5906619-58BA-4C79-A26A-13E8FB895A24}.Release|Any CPU.ActiveCfg = Release|Any CPU
		{F5906619-58BA-4C79-A26A-13E8FB895A24}.Release|Any CPU.Build.0 = Release|Any CPU
		{3A552F33-B4D7-4064-B01E-47564D2CEE19}.Debug|Any CPU.ActiveCfg = Debug|Any CPU
		{3A552F33-B4D7-4064-B01E-47564D2CEE19}.Debug|Any CPU.Build.0 = Debug|Any CPU
		{3A552F33-B4D7-4064-B01E-47564D2CEE19}.Release|Any CPU.ActiveCfg = Release|Any CPU
		{3A552F33-B4D7-4064-B01E-47564D2CEE19}.Release|Any CPU.Build.0 = Release|Any CPU
		{DED12037-24BF-4896-A4B2-06470AC7A215}.Debug|Any CPU.ActiveCfg = Debug|Any CPU
		{DED12037-24BF-4896-A4B2-06470AC7A215}.Debug|Any CPU.Build.0 = Debug|Any CPU
		{DED12037-24BF-4896-A4B2-06470AC7A215}.Release|Any CPU.ActiveCfg = Release|Any CPU
		{DED12037-24BF-4896-A4B2-06470AC7A215}.Release|Any CPU.Build.0 = Release|Any CPU
	EndGlobalSection
	GlobalSection(SolutionProperties) = preSolution
		HideSolutionNode = FALSE
	EndGlobalSection
EndGlobal
